// !$*UTF8*$!
{
	archiveVersion = 1;
	classes = {
	};
	objectVersion = 46;
	objects = {

/* Begin PBXBuildFile section */
		DF20C17B171FCEDF3060AFCC /* libPods.a in Frameworks */ = {isa = PBXBuildFile; fileRef = 56A3708870F5A790F44AEF51 /* libPods.a */; };
		F12A00011CE705BF002DA807 /* MYBEncryToos.m in Sources */ = {isa = PBXBuildFile; fileRef = F12A00001CE705BF002DA807 /* MYBEncryToos.m */; };
		F12A00041CE705DE002DA807 /* MYBFileTool.m in Sources */ = {isa = PBXBuildFile; fileRef = F12A00031CE705DE002DA807 /* MYBFileTool.m */; };
		F12A00071CE70693002DA807 /* MYBLoginAccount.m in Sources */ = {isa = PBXBuildFile; fileRef = F12A00061CE70693002DA807 /* MYBLoginAccount.m */; };
		F12A00101CE96314002DA807 /* MYBCustomRequest.m in Sources */ = {isa = PBXBuildFile; fileRef = F12A000F1CE96314002DA807 /* MYBCustomRequest.m */; };
		F12A00131CE964DC002DA807 /* MYBError.m in Sources */ = {isa = PBXBuildFile; fileRef = F12A00121CE964DC002DA807 /* MYBError.m */; };
		F12A00161CE997A3002DA807 /* MYBAlertUtil.m in Sources */ = {isa = PBXBuildFile; fileRef = F12A00151CE997A3002DA807 /* MYBAlertUtil.m */; };
		F12A00191CE997C3002DA807 /* UIAlertView+Block.m in Sources */ = {isa = PBXBuildFile; fileRef = F12A00181CE997C3002DA807 /* UIAlertView+Block.m */; };
		F12AFFF21CE6F73F002DA807 /* MYBBatchRequest.m in Sources */ = {isa = PBXBuildFile; fileRef = F12AFFE21CE6F73F002DA807 /* MYBBatchRequest.m */; };
		F12AFFF31CE6F73F002DA807 /* MYBBatchRequestManager.m in Sources */ = {isa = PBXBuildFile; fileRef = F12AFFE41CE6F73F002DA807 /* MYBBatchRequestManager.m */; };
		F12AFFF41CE6F73F002DA807 /* MYBNetWorkConfig.m in Sources */ = {isa = PBXBuildFile; fileRef = F12AFFE61CE6F73F002DA807 /* MYBNetWorkConfig.m */; };
		F12AFFF51CE6F73F002DA807 /* MYBParamsFilter.m in Sources */ = {isa = PBXBuildFile; fileRef = F12AFFE81CE6F73F002DA807 /* MYBParamsFilter.m */; };
		F12AFFF61CE6F73F002DA807 /* MYBRequest.m in Sources */ = {isa = PBXBuildFile; fileRef = F12AFFEA1CE6F73F002DA807 /* MYBRequest.m */; };
		F12AFFF71CE6F73F002DA807 /* MYBRequestManager.m in Sources */ = {isa = PBXBuildFile; fileRef = F12AFFEC1CE6F73F002DA807 /* MYBRequestManager.m */; };
		F12AFFF91CE6F73F002DA807 /* MYBNetWorkPrivite.m in Sources */ = {isa = PBXBuildFile; fileRef = F12AFFF11CE6F73F002DA807 /* MYBNetWorkPrivite.m */; };
		F12AFFFC1CE6F757002DA807 /* MYBHttpModel.m in Sources */ = {isa = PBXBuildFile; fileRef = F12AFFFB1CE6F757002DA807 /* MYBHttpModel.m */; };
		F18AB5C21CD75E8D00A433FF /* main.m in Sources */ = {isa = PBXBuildFile; fileRef = F18AB5C11CD75E8D00A433FF /* main.m */; };
		F18AB5C51CD75E8D00A433FF /* AppDelegate.m in Sources */ = {isa = PBXBuildFile; fileRef = F18AB5C41CD75E8D00A433FF /* AppDelegate.m */; };
		F18AB5C81CD75E8D00A433FF /* ViewController.m in Sources */ = {isa = PBXBuildFile; fileRef = F18AB5C71CD75E8D00A433FF /* ViewController.m */; };
		F18AB5CB1CD75E8D00A433FF /* Main.storyboard in Resources */ = {isa = PBXBuildFile; fileRef = F18AB5C91CD75E8D00A433FF /* Main.storyboard */; };
		F18AB5CD1CD75E8D00A433FF /* Assets.xcassets in Resources */ = {isa = PBXBuildFile; fileRef = F18AB5CC1CD75E8D00A433FF /* Assets.xcassets */; };
		F18AB5D01CD75E8D00A433FF /* LaunchScreen.storyboard in Resources */ = {isa = PBXBuildFile; fileRef = F18AB5CE1CD75E8D00A433FF /* LaunchScreen.storyboard */; };
		F18AB5DB1CD75E8D00A433FF /* WXZNetWorkingTests.m in Sources */ = {isa = PBXBuildFile; fileRef = F18AB5DA1CD75E8D00A433FF /* WXZNetWorkingTests.m */; };
		F18AB5E61CD75E8D00A433FF /* WXZNetWorkingUITests.m in Sources */ = {isa = PBXBuildFile; fileRef = F18AB5E51CD75E8D00A433FF /* WXZNetWorkingUITests.m */; };
/* End PBXBuildFile section */

/* Begin PBXContainerItemProxy section */
		F18AB5D71CD75E8D00A433FF /* PBXContainerItemProxy */ = {
			isa = PBXContainerItemProxy;
			containerPortal = F18AB5B51CD75E8D00A433FF /* Project object */;
			proxyType = 1;
			remoteGlobalIDString = F18AB5BC1CD75E8D00A433FF;
			remoteInfo = WXZNetWorking;
		};
		F18AB5E21CD75E8D00A433FF /* PBXContainerItemProxy */ = {
			isa = PBXContainerItemProxy;
			containerPortal = F18AB5B51CD75E8D00A433FF /* Project object */;
			proxyType = 1;
			remoteGlobalIDString = F18AB5BC1CD75E8D00A433FF;
			remoteInfo = WXZNetWorking;
		};
/* End PBXContainerItemProxy section */

/* Begin PBXFileReference section */
		56A3708870F5A790F44AEF51 /* libPods.a */ = {isa = PBXFileReference; explicitFileType = archive.ar; includeInIndex = 0; path = libPods.a; sourceTree = BUILT_PRODUCTS_DIR; };
		651B682EA3732EF674254EC4 /* Pods.debug.xcconfig */ = {isa = PBXFileReference; includeInIndex = 1; lastKnownFileType = text.xcconfig; name = Pods.debug.xcconfig; path = "Pods/Target Support Files/Pods/Pods.debug.xcconfig"; sourceTree = "<group>"; };
		E7DCC0FB756CDBD8E2756ACD /* Pods.release.xcconfig */ = {isa = PBXFileReference; includeInIndex = 1; lastKnownFileType = text.xcconfig; name = Pods.release.xcconfig; path = "Pods/Target Support Files/Pods/Pods.release.xcconfig"; sourceTree = "<group>"; };
		F12A00001CE705BF002DA807 /* MYBEncryToos.m */ = {isa = PBXFileReference; fileEncoding = 4; lastKnownFileType = sourcecode.c.objc; path = MYBEncryToos.m; sourceTree = "<group>"; };
		F12A00021CE705DE002DA807 /* MYBFileTool.h */ = {isa = PBXFileReference; fileEncoding = 4; lastKnownFileType = sourcecode.c.h; path = MYBFileTool.h; sourceTree = "<group>"; };
		F12A00031CE705DE002DA807 /* MYBFileTool.m */ = {isa = PBXFileReference; fileEncoding = 4; lastKnownFileType = sourcecode.c.objc; path = MYBFileTool.m; sourceTree = "<group>"; };
		F12A00051CE70693002DA807 /* MYBLoginAccount.h */ = {isa = PBXFileReference; fileEncoding = 4; lastKnownFileType = sourcecode.c.h; path = MYBLoginAccount.h; sourceTree = "<group>"; };
		F12A00061CE70693002DA807 /* MYBLoginAccount.m */ = {isa = PBXFileReference; fileEncoding = 4; lastKnownFileType = sourcecode.c.objc; path = MYBLoginAccount.m; sourceTree = "<group>"; };
		F12A000E1CE96314002DA807 /* MYBCustomRequest.h */ = {isa = PBXFileReference; fileEncoding = 4; lastKnownFileType = sourcecode.c.h; path = MYBCustomRequest.h; sourceTree = "<group>"; };
		F12A000F1CE96314002DA807 /* MYBCustomRequest.m */ = {isa = PBXFileReference; fileEncoding = 4; lastKnownFileType = sourcecode.c.objc; path = MYBCustomRequest.m; sourceTree = "<group>"; };
		F12A00111CE964DC002DA807 /* MYBError.h */ = {isa = PBXFileReference; fileEncoding = 4; lastKnownFileType = sourcecode.c.h; path = MYBError.h; sourceTree = "<group>"; };
		F12A00121CE964DC002DA807 /* MYBError.m */ = {isa = PBXFileReference; fileEncoding = 4; lastKnownFileType = sourcecode.c.objc; path = MYBError.m; sourceTree = "<group>"; };
		F12A00141CE997A3002DA807 /* MYBAlertUtil.h */ = {isa = PBXFileReference; fileEncoding = 4; lastKnownFileType = sourcecode.c.h; path = MYBAlertUtil.h; sourceTree = "<group>"; };
		F12A00151CE997A3002DA807 /* MYBAlertUtil.m */ = {isa = PBXFileReference; fileEncoding = 4; lastKnownFileType = sourcecode.c.objc; path = MYBAlertUtil.m; sourceTree = "<group>"; };
		F12A00171CE997C3002DA807 /* UIAlertView+Block.h */ = {isa = PBXFileReference; fileEncoding = 4; lastKnownFileType = sourcecode.c.h; path = "UIAlertView+Block.h"; sourceTree = "<group>"; };
		F12A00181CE997C3002DA807 /* UIAlertView+Block.m */ = {isa = PBXFileReference; fileEncoding = 4; lastKnownFileType = sourcecode.c.objc; path = "UIAlertView+Block.m"; sourceTree = "<group>"; };
		F12AFFE11CE6F73F002DA807 /* MYBBatchRequest.h */ = {isa = PBXFileReference; fileEncoding = 4; lastKnownFileType = sourcecode.c.h; path = MYBBatchRequest.h; sourceTree = "<group>"; };
		F12AFFE21CE6F73F002DA807 /* MYBBatchRequest.m */ = {isa = PBXFileReference; fileEncoding = 4; lastKnownFileType = sourcecode.c.objc; path = MYBBatchRequest.m; sourceTree = "<group>"; };
		F12AFFE31CE6F73F002DA807 /* MYBBatchRequestManager.h */ = {isa = PBXFileReference; fileEncoding = 4; lastKnownFileType = sourcecode.c.h; path = MYBBatchRequestManager.h; sourceTree = "<group>"; };
		F12AFFE41CE6F73F002DA807 /* MYBBatchRequestManager.m */ = {isa = PBXFileReference; fileEncoding = 4; lastKnownFileType = sourcecode.c.objc; path = MYBBatchRequestManager.m; sourceTree = "<group>"; };
		F12AFFE51CE6F73F002DA807 /* MYBNetWorkConfig.h */ = {isa = PBXFileReference; fileEncoding = 4; lastKnownFileType = sourcecode.c.h; path = MYBNetWorkConfig.h; sourceTree = "<group>"; };
		F12AFFE61CE6F73F002DA807 /* MYBNetWorkConfig.m */ = {isa = PBXFileReference; fileEncoding = 4; lastKnownFileType = sourcecode.c.objc; path = MYBNetWorkConfig.m; sourceTree = "<group>"; };
		F12AFFE71CE6F73F002DA807 /* MYBParamsFilter.h */ = {isa = PBXFileReference; fileEncoding = 4; lastKnownFileType = sourcecode.c.h; path = MYBParamsFilter.h; sourceTree = "<group>"; };
		F12AFFE81CE6F73F002DA807 /* MYBParamsFilter.m */ = {isa = PBXFileReference; fileEncoding = 4; lastKnownFileType = sourcecode.c.objc; path = MYBParamsFilter.m; sourceTree = "<group>"; };
		F12AFFE91CE6F73F002DA807 /* MYBRequest.h */ = {isa = PBXFileReference; fileEncoding = 4; lastKnownFileType = sourcecode.c.h; path = MYBRequest.h; sourceTree = "<group>"; };
		F12AFFEA1CE6F73F002DA807 /* MYBRequest.m */ = {isa = PBXFileReference; fileEncoding = 4; lastKnownFileType = sourcecode.c.objc; path = MYBRequest.m; sourceTree = "<group>"; };
		F12AFFEB1CE6F73F002DA807 /* MYBRequestManager.h */ = {isa = PBXFileReference; fileEncoding = 4; lastKnownFileType = sourcecode.c.h; path = MYBRequestManager.h; sourceTree = "<group>"; };
		F12AFFEC1CE6F73F002DA807 /* MYBRequestManager.m */ = {isa = PBXFileReference; fileEncoding = 4; lastKnownFileType = sourcecode.c.objc; path = MYBRequestManager.m; sourceTree = "<group>"; };
		F12AFFF01CE6F73F002DA807 /* MYBNetWorkPrivite.h */ = {isa = PBXFileReference; fileEncoding = 4; lastKnownFileType = sourcecode.c.h; path = MYBNetWorkPrivite.h; sourceTree = "<group>"; };
		F12AFFF11CE6F73F002DA807 /* MYBNetWorkPrivite.m */ = {isa = PBXFileReference; fileEncoding = 4; lastKnownFileType = sourcecode.c.objc; path = MYBNetWorkPrivite.m; sourceTree = "<group>"; };
		F12AFFFA1CE6F757002DA807 /* MYBHttpModel.h */ = {isa = PBXFileReference; fileEncoding = 4; lastKnownFileType = sourcecode.c.h; path = MYBHttpModel.h; sourceTree = "<group>"; };
		F12AFFFB1CE6F757002DA807 /* MYBHttpModel.m */ = {isa = PBXFileReference; fileEncoding = 4; lastKnownFileType = sourcecode.c.objc; path = MYBHttpModel.m; sourceTree = "<group>"; };
		F12AFFFF1CE705BF002DA807 /* MYBEncryToos.h */ = {isa = PBXFileReference; fileEncoding = 4; lastKnownFileType = sourcecode.c.h; path = MYBEncryToos.h; sourceTree = "<group>"; };
		F18AB5BD1CD75E8D00A433FF /* WXZNetWorking.app */ = {isa = PBXFileReference; explicitFileType = wrapper.application; includeInIndex = 0; path = WXZNetWorking.app; sourceTree = BUILT_PRODUCTS_DIR; };
		F18AB5C11CD75E8D00A433FF /* main.m */ = {isa = PBXFileReference; lastKnownFileType = sourcecode.c.objc; path = main.m; sourceTree = "<group>"; };
		F18AB5C31CD75E8D00A433FF /* AppDelegate.h */ = {isa = PBXFileReference; lastKnownFileType = sourcecode.c.h; path = AppDelegate.h; sourceTree = "<group>"; };
		F18AB5C41CD75E8D00A433FF /* AppDelegate.m */ = {isa = PBXFileReference; lastKnownFileType = sourcecode.c.objc; path = AppDelegate.m; sourceTree = "<group>"; };
		F18AB5C61CD75E8D00A433FF /* ViewController.h */ = {isa = PBXFileReference; lastKnownFileType = sourcecode.c.h; path = ViewController.h; sourceTree = "<group>"; };
		F18AB5C71CD75E8D00A433FF /* ViewController.m */ = {isa = PBXFileReference; lastKnownFileType = sourcecode.c.objc; path = ViewController.m; sourceTree = "<group>"; };
		F18AB5CA1CD75E8D00A433FF /* Base */ = {isa = PBXFileReference; lastKnownFileType = file.storyboard; name = Base; path = Base.lproj/Main.storyboard; sourceTree = "<group>"; };
		F18AB5CC1CD75E8D00A433FF /* Assets.xcassets */ = {isa = PBXFileReference; lastKnownFileType = folder.assetcatalog; path = Assets.xcassets; sourceTree = "<group>"; };
		F18AB5CF1CD75E8D00A433FF /* Base */ = {isa = PBXFileReference; lastKnownFileType = file.storyboard; name = Base; path = Base.lproj/LaunchScreen.storyboard; sourceTree = "<group>"; };
		F18AB5D11CD75E8D00A433FF /* Info.plist */ = {isa = PBXFileReference; lastKnownFileType = text.plist.xml; path = Info.plist; sourceTree = "<group>"; };
		F18AB5D61CD75E8D00A433FF /* WXZNetWorkingTests.xctest */ = {isa = PBXFileReference; explicitFileType = wrapper.cfbundle; includeInIndex = 0; path = WXZNetWorkingTests.xctest; sourceTree = BUILT_PRODUCTS_DIR; };
		F18AB5DA1CD75E8D00A433FF /* WXZNetWorkingTests.m */ = {isa = PBXFileReference; lastKnownFileType = sourcecode.c.objc; path = WXZNetWorkingTests.m; sourceTree = "<group>"; };
		F18AB5DC1CD75E8D00A433FF /* Info.plist */ = {isa = PBXFileReference; lastKnownFileType = text.plist.xml; path = Info.plist; sourceTree = "<group>"; };
		F18AB5E11CD75E8D00A433FF /* WXZNetWorkingUITests.xctest */ = {isa = PBXFileReference; explicitFileType = wrapper.cfbundle; includeInIndex = 0; path = WXZNetWorkingUITests.xctest; sourceTree = BUILT_PRODUCTS_DIR; };
		F18AB5E51CD75E8D00A433FF /* WXZNetWorkingUITests.m */ = {isa = PBXFileReference; lastKnownFileType = sourcecode.c.objc; path = WXZNetWorkingUITests.m; sourceTree = "<group>"; };
		F18AB5E71CD75E8D00A433FF /* Info.plist */ = {isa = PBXFileReference; lastKnownFileType = text.plist.xml; path = Info.plist; sourceTree = "<group>"; };
/* End PBXFileReference section */

/* Begin PBXFrameworksBuildPhase section */
		F18AB5BA1CD75E8D00A433FF /* Frameworks */ = {
			isa = PBXFrameworksBuildPhase;
			buildActionMask = 2147483647;
			files = (
				DF20C17B171FCEDF3060AFCC /* libPods.a in Frameworks */,
			);
			runOnlyForDeploymentPostprocessing = 0;
		};
		F18AB5D31CD75E8D00A433FF /* Frameworks */ = {
			isa = PBXFrameworksBuildPhase;
			buildActionMask = 2147483647;
			files = (
			);
			runOnlyForDeploymentPostprocessing = 0;
		};
		F18AB5DE1CD75E8D00A433FF /* Frameworks */ = {
			isa = PBXFrameworksBuildPhase;
			buildActionMask = 2147483647;
			files = (
			);
			runOnlyForDeploymentPostprocessing = 0;
		};
/* End PBXFrameworksBuildPhase section */

/* Begin PBXGroup section */
		352C00DF0EA1664C83BDCC7C /* Frameworks */ = {
			isa = PBXGroup;
			children = (
				56A3708870F5A790F44AEF51 /* libPods.a */,
			);
			name = Frameworks;
			sourceTree = "<group>";
		};
		9EBD4093EE04C0817816D715 /* Pods */ = {
			isa = PBXGroup;
			children = (
				651B682EA3732EF674254EC4 /* Pods.debug.xcconfig */,
				E7DCC0FB756CDBD8E2756ACD /* Pods.release.xcconfig */,
			);
			name = Pods;
			sourceTree = "<group>";
		};
		F12AFFE01CE6F73F002DA807 /* Http */ = {
			isa = PBXGroup;
			children = (
				F12AFFE11CE6F73F002DA807 /* MYBBatchRequest.h */,
				F12AFFE21CE6F73F002DA807 /* MYBBatchRequest.m */,
				F12AFFE31CE6F73F002DA807 /* MYBBatchRequestManager.h */,
				F12AFFE41CE6F73F002DA807 /* MYBBatchRequestManager.m */,
				F12AFFE51CE6F73F002DA807 /* MYBNetWorkConfig.h */,
				F12AFFE61CE6F73F002DA807 /* MYBNetWorkConfig.m */,
				F12AFFE71CE6F73F002DA807 /* MYBParamsFilter.h */,
				F12AFFE81CE6F73F002DA807 /* MYBParamsFilter.m */,
				F12AFFE91CE6F73F002DA807 /* MYBRequest.h */,
				F12AFFEA1CE6F73F002DA807 /* MYBRequest.m */,
				F12AFFEB1CE6F73F002DA807 /* MYBRequestManager.h */,
				F12AFFEC1CE6F73F002DA807 /* MYBRequestManager.m */,
			);
			path = Http;
			sourceTree = "<group>";
		};
		F12AFFEF1CE6F73F002DA807 /* HttpPrivite */ = {
			isa = PBXGroup;
			children = (
				F12AFFF01CE6F73F002DA807 /* MYBNetWorkPrivite.h */,
				F12AFFF11CE6F73F002DA807 /* MYBNetWorkPrivite.m */,
				F12AFFFA1CE6F757002DA807 /* MYBHttpModel.h */,
				F12AFFFB1CE6F757002DA807 /* MYBHttpModel.m */,
				F12A000E1CE96314002DA807 /* MYBCustomRequest.h */,
				F12A000F1CE96314002DA807 /* MYBCustomRequest.m */,
				F12A00111CE964DC002DA807 /* MYBError.h */,
				F12A00121CE964DC002DA807 /* MYBError.m */,
			);
			path = HttpPrivite;
			sourceTree = "<group>";
		};
		F12AFFFD1CE70409002DA807 /* Test */ = {
			isa = PBXGroup;
			children = (
				F12A00051CE70693002DA807 /* MYBLoginAccount.h */,
				F12A00061CE70693002DA807 /* MYBLoginAccount.m */,
			);
			path = Test;
			sourceTree = "<group>";
		};
		F12AFFFE1CE7059D002DA807 /* Tools */ = {
			isa = PBXGroup;
			children = (
				F12A00171CE997C3002DA807 /* UIAlertView+Block.h */,
				F12A00181CE997C3002DA807 /* UIAlertView+Block.m */,
				F12A00141CE997A3002DA807 /* MYBAlertUtil.h */,
				F12A00151CE997A3002DA807 /* MYBAlertUtil.m */,
				F12A00021CE705DE002DA807 /* MYBFileTool.h */,
				F12A00031CE705DE002DA807 /* MYBFileTool.m */,
				F12AFFFF1CE705BF002DA807 /* MYBEncryToos.h */,
				F12A00001CE705BF002DA807 /* MYBEncryToos.m */,
			);
			path = Tools;
			sourceTree = "<group>";
		};
		F18AB5B41CD75E8D00A433FF = {
			isa = PBXGroup;
			children = (
				F18AB5BF1CD75E8D00A433FF /* WXZNetWorking */,
				F18AB5D91CD75E8D00A433FF /* WXZNetWorkingTests */,
				F18AB5E41CD75E8D00A433FF /* WXZNetWorkingUITests */,
				F18AB5BE1CD75E8D00A433FF /* Products */,
				9EBD4093EE04C0817816D715 /* Pods */,
				352C00DF0EA1664C83BDCC7C /* Frameworks */,
			);
			sourceTree = "<group>";
		};
		F18AB5BE1CD75E8D00A433FF /* Products */ = {
			isa = PBXGroup;
			children = (
				F18AB5BD1CD75E8D00A433FF /* WXZNetWorking.app */,
				F18AB5D61CD75E8D00A433FF /* WXZNetWorkingTests.xctest */,
				F18AB5E11CD75E8D00A433FF /* WXZNetWorkingUITests.xctest */,
			);
			name = Products;
			sourceTree = "<group>";
		};
		F18AB5BF1CD75E8D00A433FF /* WXZNetWorking */ = {
			isa = PBXGroup;
			children = (
				F18AB5F31CD7601D00A433FF /* Src */,
				F18AB5C31CD75E8D00A433FF /* AppDelegate.h */,
				F18AB5C41CD75E8D00A433FF /* AppDelegate.m */,
				F18AB5C61CD75E8D00A433FF /* ViewController.h */,
				F18AB5C71CD75E8D00A433FF /* ViewController.m */,
				F18AB5C91CD75E8D00A433FF /* Main.storyboard */,
				F18AB5CC1CD75E8D00A433FF /* Assets.xcassets */,
				F18AB5CE1CD75E8D00A433FF /* LaunchScreen.storyboard */,
				F18AB5D11CD75E8D00A433FF /* Info.plist */,
				F18AB5C01CD75E8D00A433FF /* Supporting Files */,
			);
			path = WXZNetWorking;
			sourceTree = "<group>";
		};
		F18AB5C01CD75E8D00A433FF /* Supporting Files */ = {
			isa = PBXGroup;
			children = (
				F18AB5C11CD75E8D00A433FF /* main.m */,
			);
			name = "Supporting Files";
			sourceTree = "<group>";
		};
		F18AB5D91CD75E8D00A433FF /* WXZNetWorkingTests */ = {
			isa = PBXGroup;
			children = (
				F18AB5DA1CD75E8D00A433FF /* WXZNetWorkingTests.m */,
				F18AB5DC1CD75E8D00A433FF /* Info.plist */,
			);
			path = WXZNetWorkingTests;
			sourceTree = "<group>";
		};
		F18AB5E41CD75E8D00A433FF /* WXZNetWorkingUITests */ = {
			isa = PBXGroup;
			children = (
				F18AB5E51CD75E8D00A433FF /* WXZNetWorkingUITests.m */,
				F18AB5E71CD75E8D00A433FF /* Info.plist */,
			);
			path = WXZNetWorkingUITests;
			sourceTree = "<group>";
		};
		F18AB5F31CD7601D00A433FF /* Src */ = {
			isa = PBXGroup;
			children = (
				F12AFFFE1CE7059D002DA807 /* Tools */,
				F12AFFFD1CE70409002DA807 /* Test */,
				F12AFFE01CE6F73F002DA807 /* Http */,
				F12AFFEF1CE6F73F002DA807 /* HttpPrivite */,
			);
			path = Src;
			sourceTree = "<group>";
		};
/* End PBXGroup section */

/* Begin PBXNativeTarget section */
		F18AB5BC1CD75E8D00A433FF /* WXZNetWorking */ = {
			isa = PBXNativeTarget;
			buildConfigurationList = F18AB5EA1CD75E8D00A433FF /* Build configuration list for PBXNativeTarget "WXZNetWorking" */;
			buildPhases = (
				3C7A77C35325B762F5446D1A /* Check Pods Manifest.lock */,
				F18AB5B91CD75E8D00A433FF /* Sources */,
				F18AB5BA1CD75E8D00A433FF /* Frameworks */,
				F18AB5BB1CD75E8D00A433FF /* Resources */,
				32CB3C8F45A36602781B038C /* Embed Pods Frameworks */,
				0377934A0E73BCDCD303CAEA /* Copy Pods Resources */,
			);
			buildRules = (
			);
			dependencies = (
			);
			name = WXZNetWorking;
			productName = WXZNetWorking;
			productReference = F18AB5BD1CD75E8D00A433FF /* WXZNetWorking.app */;
			productType = "com.apple.product-type.application";
		};
		F18AB5D51CD75E8D00A433FF /* WXZNetWorkingTests */ = {
			isa = PBXNativeTarget;
			buildConfigurationList = F18AB5ED1CD75E8D00A433FF /* Build configuration list for PBXNativeTarget "WXZNetWorkingTests" */;
			buildPhases = (
				F18AB5D21CD75E8D00A433FF /* Sources */,
				F18AB5D31CD75E8D00A433FF /* Frameworks */,
				F18AB5D41CD75E8D00A433FF /* Resources */,
			);
			buildRules = (
			);
			dependencies = (
				F18AB5D81CD75E8D00A433FF /* PBXTargetDependency */,
			);
			name = WXZNetWorkingTests;
			productName = WXZNetWorkingTests;
			productReference = F18AB5D61CD75E8D00A433FF /* WXZNetWorkingTests.xctest */;
			productType = "com.apple.product-type.bundle.unit-test";
		};
		F18AB5E01CD75E8D00A433FF /* WXZNetWorkingUITests */ = {
			isa = PBXNativeTarget;
			buildConfigurationList = F18AB5F01CD75E8D00A433FF /* Build configuration list for PBXNativeTarget "WXZNetWorkingUITests" */;
			buildPhases = (
				F18AB5DD1CD75E8D00A433FF /* Sources */,
				F18AB5DE1CD75E8D00A433FF /* Frameworks */,
				F18AB5DF1CD75E8D00A433FF /* Resources */,
			);
			buildRules = (
			);
			dependencies = (
				F18AB5E31CD75E8D00A433FF /* PBXTargetDependency */,
			);
			name = WXZNetWorkingUITests;
			productName = WXZNetWorkingUITests;
			productReference = F18AB5E11CD75E8D00A433FF /* WXZNetWorkingUITests.xctest */;
			productType = "com.apple.product-type.bundle.ui-testing";
		};
/* End PBXNativeTarget section */

/* Begin PBXProject section */
		F18AB5B51CD75E8D00A433FF /* Project object */ = {
			isa = PBXProject;
			attributes = {
				LastUpgradeCheck = 0730;
				ORGANIZATIONNAME = "王向召";
				TargetAttributes = {
					F18AB5BC1CD75E8D00A433FF = {
						CreatedOnToolsVersion = 7.3;
					};
					F18AB5D51CD75E8D00A433FF = {
						CreatedOnToolsVersion = 7.3;
						TestTargetID = F18AB5BC1CD75E8D00A433FF;
					};
					F18AB5E01CD75E8D00A433FF = {
						CreatedOnToolsVersion = 7.3;
						TestTargetID = F18AB5BC1CD75E8D00A433FF;
					};
				};
			};
			buildConfigurationList = F18AB5B81CD75E8D00A433FF /* Build configuration list for PBXProject "WXZNetWorking" */;
			compatibilityVersion = "Xcode 3.2";
			developmentRegion = English;
			hasScannedForEncodings = 0;
			knownRegions = (
				en,
				Base,
			);
			mainGroup = F18AB5B41CD75E8D00A433FF;
			productRefGroup = F18AB5BE1CD75E8D00A433FF /* Products */;
			projectDirPath = "";
			projectRoot = "";
			targets = (
				F18AB5BC1CD75E8D00A433FF /* WXZNetWorking */,
				F18AB5D51CD75E8D00A433FF /* WXZNetWorkingTests */,
				F18AB5E01CD75E8D00A433FF /* WXZNetWorkingUITests */,
			);
		};
/* End PBXProject section */

/* Begin PBXResourcesBuildPhase section */
		F18AB5BB1CD75E8D00A433FF /* Resources */ = {
			isa = PBXResourcesBuildPhase;
			buildActionMask = 2147483647;
			files = (
				F18AB5D01CD75E8D00A433FF /* LaunchScreen.storyboard in Resources */,
				F18AB5CD1CD75E8D00A433FF /* Assets.xcassets in Resources */,
				F18AB5CB1CD75E8D00A433FF /* Main.storyboard in Resources */,
			);
			runOnlyForDeploymentPostprocessing = 0;
		};
		F18AB5D41CD75E8D00A433FF /* Resources */ = {
			isa = PBXResourcesBuildPhase;
			buildActionMask = 2147483647;
			files = (
			);
			runOnlyForDeploymentPostprocessing = 0;
		};
		F18AB5DF1CD75E8D00A433FF /* Resources */ = {
			isa = PBXResourcesBuildPhase;
			buildActionMask = 2147483647;
			files = (
			);
			runOnlyForDeploymentPostprocessing = 0;
		};
/* End PBXResourcesBuildPhase section */

/* Begin PBXShellScriptBuildPhase section */
		0377934A0E73BCDCD303CAEA /* Copy Pods Resources */ = {
			isa = PBXShellScriptBuildPhase;
			buildActionMask = 2147483647;
			files = (
			);
			inputPaths = (
			);
			name = "Copy Pods Resources";
			outputPaths = (
			);
			runOnlyForDeploymentPostprocessing = 0;
			shellPath = /bin/sh;
			shellScript = "\"${SRCROOT}/Pods/Target Support Files/Pods/Pods-resources.sh\"\n";
			showEnvVarsInLog = 0;
		};
		32CB3C8F45A36602781B038C /* Embed Pods Frameworks */ = {
			isa = PBXShellScriptBuildPhase;
			buildActionMask = 2147483647;
			files = (
			);
			inputPaths = (
			);
			name = "Embed Pods Frameworks";
			outputPaths = (
			);
			runOnlyForDeploymentPostprocessing = 0;
			shellPath = /bin/sh;
			shellScript = "\"${SRCROOT}/Pods/Target Support Files/Pods/Pods-frameworks.sh\"\n";
			showEnvVarsInLog = 0;
		};
		3C7A77C35325B762F5446D1A /* Check Pods Manifest.lock */ = {
			isa = PBXShellScriptBuildPhase;
			buildActionMask = 2147483647;
			files = (
			);
			inputPaths = (
			);
			name = "Check Pods Manifest.lock";
			outputPaths = (
			);
			runOnlyForDeploymentPostprocessing = 0;
			shellPath = /bin/sh;
			shellScript = "diff \"${PODS_ROOT}/../Podfile.lock\" \"${PODS_ROOT}/Manifest.lock\" > /dev/null\nif [[ $? != 0 ]] ; then\n    cat << EOM\nerror: The sandbox is not in sync with the Podfile.lock. Run 'pod install' or update your CocoaPods installation.\nEOM\n    exit 1\nfi\n";
			showEnvVarsInLog = 0;
		};
/* End PBXShellScriptBuildPhase section */

/* Begin PBXSourcesBuildPhase section */
		F18AB5B91CD75E8D00A433FF /* Sources */ = {
			isa = PBXSourcesBuildPhase;
			buildActionMask = 2147483647;
			files = (
				F12AFFF61CE6F73F002DA807 /* MYBRequest.m in Sources */,
				F18AB5C81CD75E8D00A433FF /* ViewController.m in Sources */,
				F18AB5C51CD75E8D00A433FF /* AppDelegate.m in Sources */,
				F18AB5C21CD75E8D00A433FF /* main.m in Sources */,
				F12A00071CE70693002DA807 /* MYBLoginAccount.m in Sources */,
				F12AFFF91CE6F73F002DA807 /* MYBNetWorkPrivite.m in Sources */,
				F12A00161CE997A3002DA807 /* MYBAlertUtil.m in Sources */,
				F12AFFFC1CE6F757002DA807 /* MYBHttpModel.m in Sources */,
				F12A00131CE964DC002DA807 /* MYBError.m in Sources */,
				F12AFFF51CE6F73F002DA807 /* MYBParamsFilter.m in Sources */,
				F12AFFF71CE6F73F002DA807 /* MYBRequestManager.m in Sources */,
				F12A00101CE96314002DA807 /* MYBCustomRequest.m in Sources */,
				F12AFFF41CE6F73F002DA807 /* MYBNetWorkConfig.m in Sources */,
				F12AFFF31CE6F73F002DA807 /* MYBBatchRequestManager.m in Sources */,
				F12AFFF21CE6F73F002DA807 /* MYBBatchRequest.m in Sources */,
				F12A00191CE997C3002DA807 /* UIAlertView+Block.m in Sources */,
				F12A00041CE705DE002DA807 /* MYBFileTool.m in Sources */,
				F12A00011CE705BF002DA807 /* MYBEncryToos.m in Sources */,
			);
			runOnlyForDeploymentPostprocessing = 0;
		};
		F18AB5D21CD75E8D00A433FF /* Sources */ = {
			isa = PBXSourcesBuildPhase;
			buildActionMask = 2147483647;
			files = (
				F18AB5DB1CD75E8D00A433FF /* WXZNetWorkingTests.m in Sources */,
			);
			runOnlyForDeploymentPostprocessing = 0;
		};
		F18AB5DD1CD75E8D00A433FF /* Sources */ = {
			isa = PBXSourcesBuildPhase;
			buildActionMask = 2147483647;
			files = (
				F18AB5E61CD75E8D00A433FF /* WXZNetWorkingUITests.m in Sources */,
			);
			runOnlyForDeploymentPostprocessing = 0;
		};
/* End PBXSourcesBuildPhase section */

/* Begin PBXTargetDependency section */
		F18AB5D81CD75E8D00A433FF /* PBXTargetDependency */ = {
			isa = PBXTargetDependency;
			target = F18AB5BC1CD75E8D00A433FF /* WXZNetWorking */;
			targetProxy = F18AB5D71CD75E8D00A433FF /* PBXContainerItemProxy */;
		};
		F18AB5E31CD75E8D00A433FF /* PBXTargetDependency */ = {
			isa = PBXTargetDependency;
			target = F18AB5BC1CD75E8D00A433FF /* WXZNetWorking */;
			targetProxy = F18AB5E21CD75E8D00A433FF /* PBXContainerItemProxy */;
		};
/* End PBXTargetDependency section */

/* Begin PBXVariantGroup section */
		F18AB5C91CD75E8D00A433FF /* Main.storyboard */ = {
			isa = PBXVariantGroup;
			children = (
				F18AB5CA1CD75E8D00A433FF /* Base */,
			);
			name = Main.storyboard;
			sourceTree = "<group>";
		};
		F18AB5CE1CD75E8D00A433FF /* LaunchScreen.storyboard */ = {
			isa = PBXVariantGroup;
			children = (
				F18AB5CF1CD75E8D00A433FF /* Base */,
			);
			name = LaunchScreen.storyboard;
			sourceTree = "<group>";
		};
/* End PBXVariantGroup section */

/* Begin XCBuildConfiguration section */
		F18AB5E81CD75E8D00A433FF /* Debug */ = {
			isa = XCBuildConfiguration;
			buildSettings = {
				ALWAYS_SEARCH_USER_PATHS = NO;
				CLANG_ANALYZER_NONNULL = YES;
				CLANG_CXX_LANGUAGE_STANDARD = "gnu++0x";
				CLANG_CXX_LIBRARY = "libc++";
				CLANG_ENABLE_MODULES = YES;
				CLANG_ENABLE_OBJC_ARC = YES;
				CLANG_WARN_BOOL_CONVERSION = YES;
				CLANG_WARN_CONSTANT_CONVERSION = YES;
				CLANG_WARN_DIRECT_OBJC_ISA_USAGE = YES_ERROR;
				CLANG_WARN_EMPTY_BODY = YES;
				CLANG_WARN_ENUM_CONVERSION = YES;
				CLANG_WARN_INT_CONVERSION = YES;
				CLANG_WARN_OBJC_ROOT_CLASS = YES_ERROR;
				CLANG_WARN_UNREACHABLE_CODE = YES;
				CLANG_WARN__DUPLICATE_METHOD_MATCH = YES;
				"CODE_SIGN_IDENTITY[sdk=iphoneos*]" = "iPhone Developer";
				COPY_PHASE_STRIP = NO;
				DEBUG_INFORMATION_FORMAT = dwarf;
				ENABLE_STRICT_OBJC_MSGSEND = YES;
				ENABLE_TESTABILITY = YES;
				GCC_C_LANGUAGE_STANDARD = gnu99;
				GCC_DYNAMIC_NO_PIC = NO;
				GCC_NO_COMMON_BLOCKS = YES;
				GCC_OPTIMIZATION_LEVEL = 0;
				GCC_PREPROCESSOR_DEFINITIONS = (
					"DEBUG=1",
					"$(inherited)",
				);
				GCC_WARN_64_TO_32_BIT_CONVERSION = YES;
				GCC_WARN_ABOUT_RETURN_TYPE = YES_ERROR;
				GCC_WARN_UNDECLARED_SELECTOR = YES;
				GCC_WARN_UNINITIALIZED_AUTOS = YES_AGGRESSIVE;
				GCC_WARN_UNUSED_FUNCTION = YES;
				GCC_WARN_UNUSED_VARIABLE = YES;
				IPHONEOS_DEPLOYMENT_TARGET = 9.3;
				MTL_ENABLE_DEBUG_INFO = YES;
				ONLY_ACTIVE_ARCH = YES;
				SDKROOT = iphoneos;
				TARGETED_DEVICE_FAMILY = "1,2";
			};
			name = Debug;
		};
		F18AB5E91CD75E8D00A433FF /* Release */ = {
			isa = XCBuildConfiguration;
			buildSettings = {
				ALWAYS_SEARCH_USER_PATHS = NO;
				CLANG_ANALYZER_NONNULL = YES;
				CLANG_CXX_LANGUAGE_STANDARD = "gnu++0x";
				CLANG_CXX_LIBRARY = "libc++";
				CLANG_ENABLE_MODULES = YES;
				CLANG_ENABLE_OBJC_ARC = YES;
				CLANG_WARN_BOOL_CONVERSION = YES;
				CLANG_WARN_CONSTANT_CONVERSION = YES;
				CLANG_WARN_DIRECT_OBJC_ISA_USAGE = YES_ERROR;
				CLANG_WARN_EMPTY_BODY = YES;
				CLANG_WARN_ENUM_CONVERSION = YES;
				CLANG_WARN_INT_CONVERSION = YES;
				CLANG_WARN_OBJC_ROOT_CLASS = YES_ERROR;
				CLANG_WARN_UNREACHABLE_CODE = YES;
				CLANG_WARN__DUPLICATE_METHOD_MATCH = YES;
				"CODE_SIGN_IDENTITY[sdk=iphoneos*]" = "iPhone Developer";
				COPY_PHASE_STRIP = NO;
				DEBUG_INFORMATION_FORMAT = "dwarf-with-dsym";
				ENABLE_NS_ASSERTIONS = NO;
				ENABLE_STRICT_OBJC_MSGSEND = YES;
				GCC_C_LANGUAGE_STANDARD = gnu99;
				GCC_NO_COMMON_BLOCKS = YES;
				GCC_WARN_64_TO_32_BIT_CONVERSION = YES;
				GCC_WARN_ABOUT_RETURN_TYPE = YES_ERROR;
				GCC_WARN_UNDECLARED_SELECTOR = YES;
				GCC_WARN_UNINITIALIZED_AUTOS = YES_AGGRESSIVE;
				GCC_WARN_UNUSED_FUNCTION = YES;
				GCC_WARN_UNUSED_VARIABLE = YES;
				IPHONEOS_DEPLOYMENT_TARGET = 9.3;
				MTL_ENABLE_DEBUG_INFO = NO;
				SDKROOT = iphoneos;
				TARGETED_DEVICE_FAMILY = "1,2";
				VALIDATE_PRODUCT = YES;
			};
			name = Release;
		};
		F18AB5EB1CD75E8D00A433FF /* Debug */ = {
			isa = XCBuildConfiguration;
			baseConfigurationReference = 651B682EA3732EF674254EC4 /* Pods.debug.xcconfig */;
			buildSettings = {
				ASSETCATALOG_COMPILER_APPICON_NAME = AppIcon;
				INFOPLIST_FILE = WXZNetWorking/Info.plist;
				LD_RUNPATH_SEARCH_PATHS = "$(inherited) @executable_path/Frameworks";
				PRODUCT_BUNDLE_IDENTIFIER = wxz.WXZNetWorking;
				PRODUCT_NAME = "$(TARGET_NAME)";
			};
			name = Debug;
		};
		F18AB5EC1CD75E8D00A433FF /* Release */ = {
			isa = XCBuildConfiguration;
			baseConfigurationReference = E7DCC0FB756CDBD8E2756ACD /* Pods.release.xcconfig */;
			buildSettings = {
				ASSETCATALOG_COMPILER_APPICON_NAME = AppIcon;
				INFOPLIST_FILE = WXZNetWorking/Info.plist;
				LD_RUNPATH_SEARCH_PATHS = "$(inherited) @executable_path/Frameworks";
				PRODUCT_BUNDLE_IDENTIFIER = wxz.WXZNetWorking;
				PRODUCT_NAME = "$(TARGET_NAME)";
			};
			name = Release;
		};
		F18AB5EE1CD75E8D00A433FF /* Debug */ = {
			isa = XCBuildConfiguration;
			buildSettings = {
				BUNDLE_LOADER = "$(TEST_HOST)";
				INFOPLIST_FILE = WXZNetWorkingTests/Info.plist;
				LD_RUNPATH_SEARCH_PATHS = "$(inherited) @executable_path/Frameworks @loader_path/Frameworks";
				PRODUCT_BUNDLE_IDENTIFIER = wxz.WXZNetWorkingTests;
				PRODUCT_NAME = "$(TARGET_NAME)";
				TEST_HOST = "$(BUILT_PRODUCTS_DIR)/WXZNetWorking.app/WXZNetWorking";
			};
			name = Debug;
		};
		F18AB5EF1CD75E8D00A433FF /* Release */ = {
			isa = XCBuildConfiguration;
			buildSettings = {
				BUNDLE_LOADER = "$(TEST_HOST)";
				INFOPLIST_FILE = WXZNetWorkingTests/Info.plist;
				LD_RUNPATH_SEARCH_PATHS = "$(inherited) @executable_path/Frameworks @loader_path/Frameworks";
				PRODUCT_BUNDLE_IDENTIFIER = wxz.WXZNetWorkingTests;
				PRODUCT_NAME = "$(TARGET_NAME)";
				TEST_HOST = "$(BUILT_PRODUCTS_DIR)/WXZNetWorking.app/WXZNetWorking";
			};
			name = Release;
		};
		F18AB5F11CD75E8D00A433FF /* Debug */ = {
			isa = XCBuildConfiguration;
			buildSettings = {
				INFOPLIST_FILE = WXZNetWorkingUITests/Info.plist;
				LD_RUNPATH_SEARCH_PATHS = "$(inherited) @executable_path/Frameworks @loader_path/Frameworks";
				PRODUCT_BUNDLE_IDENTIFIER = wxz.WXZNetWorkingUITests;
				PRODUCT_NAME = "$(TARGET_NAME)";
				TEST_TARGET_NAME = WXZNetWorking;
			};
			name = Debug;
		};
		F18AB5F21CD75E8D00A433FF /* Release */ = {
			isa = XCBuildConfiguration;
			buildSettings = {
				INFOPLIST_FILE = WXZNetWorkingUITests/Info.plist;
				LD_RUNPATH_SEARCH_PATHS = "$(inherited) @executable_path/Frameworks @loader_path/Frameworks";
				PRODUCT_BUNDLE_IDENTIFIER = wxz.WXZNetWorkingUITests;
				PRODUCT_NAME = "$(TARGET_NAME)";
				TEST_TARGET_NAME = WXZNetWorking;
			};
			name = Release;
		};
/* End XCBuildConfiguration section */

/* Begin XCConfigurationList section */
		F18AB5B81CD75E8D00A433FF /* Build configuration list for PBXProject "WXZNetWorking" */ = {
			isa = XCConfigurationList;
			buildConfigurations = (
				F18AB5E81CD75E8D00A433FF /* Debug */,
				F18AB5E91CD75E8D00A433FF /* Release */,
			);
			defaultConfigurationIsVisible = 0;
			defaultConfigurationName = Release;
		};
		F18AB5EA1CD75E8D00A433FF /* Build configuration list for PBXNativeTarget "WXZNetWorking" */ = {
			isa = XCConfigurationList;
			buildConfigurations = (
				F18AB5EB1CD75E8D00A433FF /* Debug */,
				F18AB5EC1CD75E8D00A433FF /* Release */,
			);
			defaultConfigurationIsVisible = 0;
			defaultConfigurationName = Release;
		};
		F18AB5ED1CD75E8D00A433FF /* Build configuration list for PBXNativeTarget "WXZNetWorkingTests" */ = {
			isa = XCConfigurationList;
			buildConfigurations = (
				F18AB5EE1CD75E8D00A433FF /* Debug */,
				F18AB5EF1CD75E8D00A433FF /* Release */,
			);
			defaultConfigurationIsVisible = 0;
			defaultConfigurationName = Release;
		};
		F18AB5F01CD75E8D00A433FF /* Build configuration list for PBXNativeTarget "WXZNetWorkingUITests" */ = {
			isa = XCConfigurationList;
			buildConfigurations = (
				F18AB5F11CD75E8D00A433FF /* Debug */,
				F18AB5F21CD75E8D00A433FF /* Release */,
			);
			defaultConfigurationIsVisible = 0;
			defaultConfigurationName = Release;
		};
/* End XCConfigurationList section */
	};
	rootObject = F18AB5B51CD75E8D00A433FF /* Project object */;
}
